# This file is automatically @generated by Cargo.
# It is not intended for manual editing.
[[package]]
name = "adler32"
version = "1.0.4"
source = "registry+https://github.com/rust-lang/crates.io-index"
checksum = "5d2e7343e7fc9de883d1b0341e0b13970f764c14101234857d2ddafa1cb1cac2"

[[package]]
name = "ahash"
version = "0.3.5"
source = "registry+https://github.com/rust-lang/crates.io-index"
checksum = "2f3e0bf23f51883cce372d5d5892211236856e4bb37fb942e1eb135ee0f146e3"

[[package]]
name = "approx"
version = "0.3.2"
source = "registry+https://github.com/rust-lang/crates.io-index"
checksum = "f0e60b75072ecd4168020818c0107f2857bb6c4e64252d8d3983f6263b40a5c3"
dependencies = [
 "num-traits",
]

[[package]]
name = "arrayvec"
version = "0.5.1"
source = "registry+https://github.com/rust-lang/crates.io-index"
checksum = "cff77d8686867eceff3105329d4698d96c2391c176d5d03adc90c7389162b5b8"

[[package]]
name = "atom"
version = "0.3.5"
source = "registry+https://github.com/rust-lang/crates.io-index"
checksum = "3c86699c3f02778ec07158376991c8f783dd1f2f95c579ffaf0738dc984b2fe2"

[[package]]
name = "autocfg"
version = "1.0.0"
source = "registry+https://github.com/rust-lang/crates.io-index"
checksum = "f8aac770f1885fd7e387acedd76065302551364496e46b3dd00860b2f8359b9d"

[[package]]
name = "autogamer"
version = "0.1.0"
dependencies = [
 "noisy_float",
 "nphysics2d",
 "parking_lot",
 "sdl2",
 "specs",
 "thiserror",
 "tiled",
]

[[package]]
name = "autogamer_bindings"
version = "0.1.0"
dependencies = [
 "autogamer",
 "parking_lot",
 "pyo3",
 "specs",
]

[[package]]
name = "base-x"
version = "0.2.6"
source = "registry+https://github.com/rust-lang/crates.io-index"
checksum = "1b20b618342cf9891c292c4f5ac2cde7287cc5c87e87e9c769d617793607dec1"

[[package]]
name = "base64"
version = "0.10.1"
source = "registry+https://github.com/rust-lang/crates.io-index"
checksum = "0b25d992356d2eb0ed82172f5248873db5560c4721f564b13cb5193bda5e668e"
dependencies = [
 "byteorder",
]

[[package]]
name = "bitflags"
version = "1.2.1"
source = "registry+https://github.com/rust-lang/crates.io-index"
checksum = "cf1de2fe8c75bc145a2f577add951f8134889b4795d47466a54a5c846d691693"

[[package]]
name = "bumpalo"
version = "3.4.0"
source = "registry+https://github.com/rust-lang/crates.io-index"
checksum = "2e8c087f005730276d1096a652e92a8bacee2e2472bcc9715a74d2bec38b5820"

[[package]]
name = "byteorder"
version = "1.3.4"
source = "registry+https://github.com/rust-lang/crates.io-index"
checksum = "08c48aae112d48ed9f069b33538ea9e3e90aa263cfa3d1c24309612b1f7472de"

[[package]]
name = "cfg-if"
version = "0.1.10"
source = "registry+https://github.com/rust-lang/crates.io-index"
checksum = "4785bdd1c96b2a846b2bd7cc02e86b6b3dbf14e7e53446c4f54c92a361040822"

[[package]]
name = "cloudabi"
version = "0.1.0"
source = "registry+https://github.com/rust-lang/crates.io-index"
checksum = "4344512281c643ae7638bbabc3af17a11307803ec8f0fcad9fae512a8bf36467"
dependencies = [
 "bitflags",
]

[[package]]
name = "crc32fast"
version = "1.2.0"
source = "registry+https://github.com/rust-lang/crates.io-index"
checksum = "ba125de2af0df55319f41944744ad91c71113bf74a4646efff39afe1f6842db1"
dependencies = [
 "cfg-if",
]

[[package]]
name = "crossbeam-deque"
version = "0.7.3"
source = "registry+https://github.com/rust-lang/crates.io-index"
checksum = "9f02af974daeee82218205558e51ec8768b48cf524bd01d550abe5573a608285"
dependencies = [
 "crossbeam-epoch",
 "crossbeam-utils",
 "maybe-uninit",
]

[[package]]
name = "crossbeam-epoch"
version = "0.8.2"
source = "registry+https://github.com/rust-lang/crates.io-index"
checksum = "058ed274caafc1f60c4997b5fc07bf7dc7cca454af7c6e81edffe5f33f70dace"
dependencies = [
 "autocfg",
 "cfg-if",
 "crossbeam-utils",
 "lazy_static",
 "maybe-uninit",
 "memoffset",
 "scopeguard",
]

[[package]]
name = "crossbeam-queue"
version = "0.2.2"
source = "registry+https://github.com/rust-lang/crates.io-index"
checksum = "ab6bffe714b6bb07e42f201352c34f51fefd355ace793f9e638ebd52d23f98d2"
dependencies = [
 "cfg-if",
 "crossbeam-utils",
]

[[package]]
name = "crossbeam-utils"
version = "0.7.2"
source = "registry+https://github.com/rust-lang/crates.io-index"
checksum = "c3c7c73a2d1e9fc0886a08b93e98eb643461230d5f1925e4036204d5f2e261a8"
dependencies = [
 "autocfg",
 "cfg-if",
 "lazy_static",
]

[[package]]
name = "ctor"
version = "0.1.14"
source = "registry+https://github.com/rust-lang/crates.io-index"
checksum = "cf6b25ee9ac1995c54d7adb2eff8cfffb7260bc774fb63c601ec65467f43cd9d"
dependencies = [
 "quote",
 "syn",
]

[[package]]
name = "discard"
version = "1.0.4"
source = "registry+https://github.com/rust-lang/crates.io-index"
checksum = "212d0f5754cb6769937f4501cc0e67f4f4483c8d2c3e1e922ee9edbe4ab4c7c0"

[[package]]
name = "downcast-rs"
version = "1.2.0"
source = "registry+https://github.com/rust-lang/crates.io-index"
checksum = "9ea835d29036a4087793836fa931b08837ad5e957da9e23886b29586fb9b6650"

[[package]]
name = "either"
version = "1.5.3"
source = "registry+https://github.com/rust-lang/crates.io-index"
checksum = "bb1f6b1ce1c140482ea30ddd3335fc0024ac7ee112895426e0a629a6c20adfe3"

[[package]]
name = "fixedbitset"
version = "0.2.0"
source = "registry+https://github.com/rust-lang/crates.io-index"
checksum = "37ab347416e802de484e4d03c7316c48f1ecb56574dfd4a46a80f173ce1de04d"

[[package]]
name = "generational-arena"
version = "0.2.8"
source = "registry+https://github.com/rust-lang/crates.io-index"
checksum = "8e1d3b771574f62d0548cee0ad9057857e9fc25d7a3335f140c84f6acd0bf601"
dependencies = [
 "cfg-if",
]

[[package]]
name = "generic-array"
version = "0.13.2"
source = "registry+https://github.com/rust-lang/crates.io-index"
checksum = "0ed1e761351b56f54eb9dcd0cfaca9fd0daecf93918e1cfc01c8a3d26ee7adcd"
dependencies = [
 "typenum",
]

[[package]]
name = "getrandom"
version = "0.1.14"
source = "registry+https://github.com/rust-lang/crates.io-index"
checksum = "7abc8dd8451921606d809ba32e95b6111925cd2906060d2dcc29c070220503eb"
dependencies = [
 "cfg-if",
 "libc",
 "wasi",
]

[[package]]
name = "ghost"
version = "0.1.1"
source = "registry+https://github.com/rust-lang/crates.io-index"
checksum = "2a36606a68532b5640dc86bb1f33c64b45c4682aad4c50f3937b317ea387f3d6"
dependencies = [
 "proc-macro2",
 "quote",
 "syn",
]

[[package]]
name = "hashbrown"
version = "0.7.2"
source = "registry+https://github.com/rust-lang/crates.io-index"
checksum = "96282e96bfcd3da0d3aa9938bedf1e50df3269b6db08b4876d2da0bb1a0841cf"
dependencies = [
 "ahash",
 "autocfg",
]

[[package]]
name = "hermit-abi"
version = "0.1.13"
source = "registry+https://github.com/rust-lang/crates.io-index"
checksum = "91780f809e750b0a89f5544be56617ff6b1227ee485bcb06ebe10cdf89bd3b71"
dependencies = [
 "libc",
]

[[package]]
name = "hibitset"
version = "0.6.3"
source = "registry+https://github.com/rust-lang/crates.io-index"
checksum = "93a1bb8316a44459a7d14253c4d28dd7395cbd23cc04a68c46e851b8e46d64b1"
dependencies = [
 "atom",
 "rayon",
]

[[package]]
name = "indexmap"
version = "1.4.0"
source = "registry+https://github.com/rust-lang/crates.io-index"
checksum = "c398b2b113b55809ceb9ee3e753fcbac793f1956663f3c36549c1346015c2afe"
dependencies = [
 "autocfg",
]

[[package]]
name = "indoc"
version = "0.3.5"
source = "registry+https://github.com/rust-lang/crates.io-index"
checksum = "79255cf29f5711995ddf9ec261b4057b1deb34e66c90656c201e41376872c544"
dependencies = [
 "indoc-impl",
 "proc-macro-hack",
]

[[package]]
name = "indoc-impl"
version = "0.3.5"
source = "registry+https://github.com/rust-lang/crates.io-index"
checksum = "54554010aa3d17754e484005ea0022f1c93839aabc627c2c55f3d7b47206134c"
dependencies = [
 "proc-macro-hack",
 "proc-macro2",
 "quote",
 "syn",
 "unindent",
]

[[package]]
name = "instant"
version = "0.1.6"
source = "registry+https://github.com/rust-lang/crates.io-index"
checksum = "5b141fdc7836c525d4d594027d318c84161ca17aaf8113ab1f81ab93ae897485"
dependencies = [
 "stdweb",
 "time",
]

[[package]]
name = "inventory"
version = "0.1.6"
source = "registry+https://github.com/rust-lang/crates.io-index"
checksum = "82d3f4b90287725c97b17478c60dda0c6324e7c84ee1ed72fb9179d0fdf13956"
dependencies = [
 "ctor",
 "ghost",
 "inventory-impl",
]

[[package]]
name = "inventory-impl"
version = "0.1.6"
source = "registry+https://github.com/rust-lang/crates.io-index"
checksum = "9092a4fefc9d503e9287ef137f03180a6e7d1b04c419563171ee14947c5e80ec"
dependencies = [
 "proc-macro2",
 "quote",
 "syn",
]

[[package]]
name = "itoa"
version = "0.4.6"
source = "registry+https://github.com/rust-lang/crates.io-index"
checksum = "dc6f3ad7b9d11a0c00842ff8de1b60ee58661048eb8049ed33c73594f359d7e6"

[[package]]
name = "lazy_static"
version = "1.4.0"
source = "registry+https://github.com/rust-lang/crates.io-index"
checksum = "e2abad23fbc42b3700f2f279844dc832adb2b2eb069b2df918f455c4e18cc646"

[[package]]
name = "libc"
version = "0.2.71"
source = "registry+https://github.com/rust-lang/crates.io-index"
checksum = "9457b06509d27052635f90d6466700c65095fdf75409b3fbdd903e988b886f49"

[[package]]
name = "libflate"
version = "0.1.27"
source = "registry+https://github.com/rust-lang/crates.io-index"
checksum = "d9135df43b1f5d0e333385cb6e7897ecd1a43d7d11b91ac003f4d2c2d2401fdd"
dependencies = [
 "adler32",
 "crc32fast",
 "rle-decode-fast",
 "take_mut",
]

[[package]]
name = "libm"
version = "0.2.1"
source = "registry+https://github.com/rust-lang/crates.io-index"
checksum = "c7d73b3f436185384286bd8098d17ec07c9a7d2388a6599f824d8502b529702a"

[[package]]
name = "lock_api"
version = "0.4.0"
source = "registry+https://github.com/rust-lang/crates.io-index"
checksum = "de302ce1fe7482db13738fbaf2e21cfb06a986b89c0bf38d88abf16681aada4e"
dependencies = [
 "scopeguard",
]

[[package]]
name = "log"
version = "0.4.8"
source = "registry+https://github.com/rust-lang/crates.io-index"
checksum = "14b6052be84e6b71ab17edffc2eeabf5c2c3ae1fdb464aae35ac50c67a44e1f7"
dependencies = [
 "cfg-if",
]

[[package]]
name = "matrixmultiply"
version = "0.2.3"
source = "registry+https://github.com/rust-lang/crates.io-index"
checksum = "d4f7ec66360130972f34830bfad9ef05c6610a43938a467bcc9ab9369ab3478f"
dependencies = [
 "rawpointer",
]

[[package]]
name = "maybe-uninit"
version = "2.0.0"
source = "registry+https://github.com/rust-lang/crates.io-index"
checksum = "60302e4db3a61da70c0cb7991976248362f30319e88850c487b9b95bbf059e00"

[[package]]
name = "memchr"
version = "2.3.3"
source = "registry+https://github.com/rust-lang/crates.io-index"
checksum = "3728d817d99e5ac407411fa471ff9800a778d88a24685968b36824eaf4bee400"

[[package]]
name = "memoffset"
version = "0.5.4"
source = "registry+https://github.com/rust-lang/crates.io-index"
checksum = "b4fc2c02a7e374099d4ee95a193111f72d2110197fe200272371758f6c3643d8"
dependencies = [
 "autocfg",
]

[[package]]
name = "mopa"
version = "0.2.2"
source = "registry+https://github.com/rust-lang/crates.io-index"
checksum = "a785740271256c230f57462d3b83e52f998433a7062fc18f96d5999474a9f915"

[[package]]
name = "nalgebra"
version = "0.21.1"
source = "registry+https://github.com/rust-lang/crates.io-index"
checksum = "d6b6147c3d50b4f3cdabfe2ecc94a0191fd3d6ad58aefd9664cf396285883486"
dependencies = [
 "approx",
 "generic-array",
 "matrixmultiply",
 "num-complex",
 "num-rational",
 "num-traits",
 "rand",
 "rand_distr",
 "simba",
 "typenum",
]

[[package]]
name = "ncollide2d"
version = "0.23.2"
source = "registry+https://github.com/rust-lang/crates.io-index"
checksum = "f8ac5be202a88b303e05a289a86783fa618eb3d7730dda35641fd0db6693d0dc"
dependencies = [
 "approx",
 "bitflags",
 "downcast-rs",
 "either",
 "nalgebra",
 "num-traits",
 "petgraph",
 "simba",
 "slab",
 "slotmap",
 "smallvec",
]

[[package]]
name = "noisy_float"
version = "0.1.12"
source = "registry+https://github.com/rust-lang/crates.io-index"
checksum = "b1b3e1bd47a70dc23b4b1d4c7dabe09135cf86a5eb2ad5a60c853cb69c64d32e"
dependencies = [
 "num-traits",
]

[[package]]
name = "nom"
version = "5.1.1"
source = "registry+https://github.com/rust-lang/crates.io-index"
checksum = "0b471253da97532da4b61552249c521e01e736071f71c1a4f7ebbfbf0a06aad6"
dependencies = [
 "memchr",
 "version_check",
]

[[package]]
name = "nphysics2d"
version = "0.16.1"
source = "registry+https://github.com/rust-lang/crates.io-index"
checksum = "3037cfcf73f9f23863aada202826c09df7ba1da132ffab88f088fc2d224ed1e3"
dependencies = [
 "approx",
 "bitflags",
 "downcast-rs",
 "either",
 "generational-arena",
 "instant",
 "lazy_static",
 "nalgebra",
 "ncollide2d",
 "num-traits",
 "simba",
 "slotmap",
 "smallvec",
 "stdweb",
]

[[package]]
name = "num-complex"
version = "0.2.4"
source = "registry+https://github.com/rust-lang/crates.io-index"
checksum = "b6b19411a9719e753aff12e5187b74d60d3dc449ec3f4dc21e3989c3f554bc95"
dependencies = [
 "autocfg",
 "num-traits",
]

[[package]]
name = "num-integer"
version = "0.1.43"
source = "registry+https://github.com/rust-lang/crates.io-index"
checksum = "8d59457e662d541ba17869cf51cf177c0b5f0cbf476c66bdc90bf1edac4f875b"
dependencies = [
 "autocfg",
 "num-traits",
]

[[package]]
name = "num-rational"
version = "0.2.4"
source = "registry+https://github.com/rust-lang/crates.io-index"
checksum = "5c000134b5dbf44adc5cb772486d335293351644b801551abe8f75c84cfa4aef"
dependencies = [
 "autocfg",
 "num-integer",
 "num-traits",
]

[[package]]
name = "num-traits"
version = "0.2.12"
source = "registry+https://github.com/rust-lang/crates.io-index"
checksum = "ac267bcc07f48ee5f8935ab0d24f316fb722d7a1292e2913f0cc196b29ffd611"
dependencies = [
 "autocfg",
 "libm",
]

[[package]]
name = "num_cpus"
version = "1.13.0"
source = "registry+https://github.com/rust-lang/crates.io-index"
checksum = "05499f3756671c15885fee9034446956fff3f243d6077b91e5767df161f766b3"
dependencies = [
 "hermit-abi",
 "libc",
]

[[package]]
name = "parking_lot"
version = "0.11.0"
source = "registry+https://github.com/rust-lang/crates.io-index"
checksum = "a4893845fa2ca272e647da5d0e46660a314ead9c2fdd9a883aabc32e481a8733"
dependencies = [
 "instant",
 "lock_api",
 "parking_lot_core",
]

[[package]]
name = "parking_lot_core"
version = "0.8.0"
source = "registry+https://github.com/rust-lang/crates.io-index"
checksum = "c361aa727dd08437f2f1447be8b59a33b0edd15e0fcee698f935613d9efbca9b"
dependencies = [
 "cfg-if",
 "cloudabi",
 "instant",
 "libc",
 "redox_syscall",
 "smallvec",
 "winapi",
]

[[package]]
name = "paste"
version = "0.1.14"
source = "registry+https://github.com/rust-lang/crates.io-index"
checksum = "3431e8f72b90f8a7af91dec890d9814000cb371258e0ec7370d93e085361f531"
dependencies = [
 "paste-impl",
 "proc-macro-hack",
]

[[package]]
name = "paste-impl"
version = "0.1.14"
source = "registry+https://github.com/rust-lang/crates.io-index"
checksum = "25af5fc872ba284d8d84608bf8a0fa9b5376c96c23f503b007dfd9e34dde5606"
dependencies = [
 "proc-macro-hack",
 "proc-macro2",
 "quote",
 "syn",
]

[[package]]
name = "petgraph"
version = "0.5.1"
source = "registry+https://github.com/rust-lang/crates.io-index"
checksum = "467d164a6de56270bd7c4d070df81d07beace25012d5103ced4e9ff08d6afdb7"
dependencies = [
 "fixedbitset",
 "indexmap",
]

[[package]]
name = "ppv-lite86"
version = "0.2.8"
source = "registry+https://github.com/rust-lang/crates.io-index"
checksum = "237a5ed80e274dbc66f86bd59c1e25edc039660be53194b5fe0a482e0f2612ea"

[[package]]
name = "proc-macro-hack"
version = "0.5.16"
source = "registry+https://github.com/rust-lang/crates.io-index"
checksum = "7e0456befd48169b9f13ef0f0ad46d492cf9d2dbb918bcf38e01eed4ce3ec5e4"

[[package]]
name = "proc-macro2"
version = "1.0.17"
source = "registry+https://github.com/rust-lang/crates.io-index"
checksum = "1502d12e458c49a4c9cbff560d0fe0060c252bc29799ed94ca2ed4bb665a0101"
dependencies = [
 "unicode-xid",
]

[[package]]
name = "pyo3"
version = "0.11.1"
source = "registry+https://github.com/rust-lang/crates.io-index"
checksum = "9ca8710ffa8211c9a62a8a3863c4267c710dc42a82a7fd29c97de465d7ea6b7d"
dependencies = [
 "ctor",
 "indoc",
 "inventory",
 "libc",
 "parking_lot",
 "paste",
 "pyo3cls",
 "unindent",
]

[[package]]
name = "pyo3-derive-backend"
version = "0.11.1"
source = "registry+https://github.com/rust-lang/crates.io-index"
checksum = "58ad070bf6967b0d29ea74931ffcf9c6bbe8402a726e9afbeafadc0a287cc2b3"
dependencies = [
 "proc-macro2",
 "quote",
 "syn",
]

[[package]]
name = "pyo3cls"
version = "0.11.1"
source = "registry+https://github.com/rust-lang/crates.io-index"
checksum = "c3fa17e1ea569d0bf3b7c00f2a9eea831ca05e55dd76f1794c541abba1c64baa"
dependencies = [
 "pyo3-derive-backend",
 "quote",
 "syn",
]

[[package]]
name = "quote"
version = "1.0.6"
source = "registry+https://github.com/rust-lang/crates.io-index"
checksum = "54a21852a652ad6f610c9510194f398ff6f8692e334fd1145fed931f7fbe44ea"
dependencies = [
 "proc-macro2",
]

[[package]]
name = "rand"
version = "0.7.3"
source = "registry+https://github.com/rust-lang/crates.io-index"
checksum = "6a6b1679d49b24bbfe0c803429aa1874472f50d9b363131f0e89fc356b544d03"
dependencies = [
 "getrandom",
 "libc",
 "rand_chacha",
 "rand_core",
 "rand_hc",
]

[[package]]
name = "rand_chacha"
version = "0.2.2"
source = "registry+https://github.com/rust-lang/crates.io-index"
checksum = "f4c8ed856279c9737206bf725bf36935d8666ead7aa69b52be55af369d193402"
dependencies = [
 "ppv-lite86",
 "rand_core",
]

[[package]]
name = "rand_core"
version = "0.5.1"
source = "registry+https://github.com/rust-lang/crates.io-index"
checksum = "90bde5296fc891b0cef12a6d03ddccc162ce7b2aff54160af9338f8d40df6d19"
dependencies = [
 "getrandom",
]

[[package]]
name = "rand_distr"
version = "0.2.2"
source = "registry+https://github.com/rust-lang/crates.io-index"
checksum = "96977acbdd3a6576fb1d27391900035bf3863d4a16422973a409b488cf29ffb2"
dependencies = [
 "rand",
]

[[package]]
name = "rand_hc"
version = "0.2.0"
source = "registry+https://github.com/rust-lang/crates.io-index"
checksum = "ca3129af7b92a17112d59ad498c6f81eaf463253766b90396d39ea7a39d6613c"
dependencies = [
 "rand_core",
]

[[package]]
name = "rawpointer"
version = "0.2.1"
source = "registry+https://github.com/rust-lang/crates.io-index"
checksum = "60a357793950651c4ed0f3f52338f53b2f809f32d83a07f72909fa13e4c6c1e3"

[[package]]
name = "rayon"
version = "1.3.0"
source = "registry+https://github.com/rust-lang/crates.io-index"
checksum = "db6ce3297f9c85e16621bb8cca38a06779ffc31bb8184e1be4bed2be4678a098"
dependencies = [
 "crossbeam-deque",
 "either",
 "rayon-core",
]

[[package]]
name = "rayon-core"
version = "1.7.0"
source = "registry+https://github.com/rust-lang/crates.io-index"
checksum = "08a89b46efaf957e52b18062fb2f4660f8b8a4dde1807ca002690868ef2c85a9"
dependencies = [
 "crossbeam-deque",
 "crossbeam-queue",
 "crossbeam-utils",
 "lazy_static",
 "num_cpus",
]

[[package]]
name = "redox_syscall"
version = "0.1.56"
source = "registry+https://github.com/rust-lang/crates.io-index"
checksum = "2439c63f3f6139d1b57529d16bc3b8bb855230c8efcc5d3a896c8bea7c3b1e84"

[[package]]
name = "rle-decode-fast"
version = "1.0.1"
source = "registry+https://github.com/rust-lang/crates.io-index"
checksum = "cabe4fa914dec5870285fa7f71f602645da47c486e68486d2b4ceb4a343e90ac"

[[package]]
name = "rustc_version"
version = "0.2.3"
source = "registry+https://github.com/rust-lang/crates.io-index"
checksum = "138e3e0acb6c9fb258b19b67cb8abd63c00679d2851805ea151465464fe9030a"
dependencies = [
 "semver",
]

[[package]]
name = "ryu"
version = "1.0.5"
source = "registry+https://github.com/rust-lang/crates.io-index"
checksum = "71d301d4193d031abdd79ff7e3dd721168a9572ef3fe51a1517aba235bd8f86e"

[[package]]
name = "scopeguard"
version = "1.1.0"
source = "registry+https://github.com/rust-lang/crates.io-index"
checksum = "d29ab0c6d3fc0ee92fe66e2d99f700eab17a8d57d1c1d3b748380fb20baa78cd"

[[package]]
name = "sdl2"
version = "0.34.0"
source = "registry+https://github.com/rust-lang/crates.io-index"
checksum = "6693f362118c0cd32858fe33a14d74cc3111bbc3a7de1aee88e5289fd9289f97"
dependencies = [
 "bitflags",
 "lazy_static",
 "libc",
 "sdl2-sys",
]

[[package]]
name = "sdl2-sys"
version = "0.34.0"
source = "registry+https://github.com/rust-lang/crates.io-index"
checksum = "575db20c45cce6565d4ece46509288ded53f5571dc89e4af165a562eb0eeec26"
dependencies = [
 "cfg-if",
 "libc",
]

[[package]]
name = "semver"
version = "0.9.0"
source = "registry+https://github.com/rust-lang/crates.io-index"
checksum = "1d7eb9ef2c18661902cc47e535f9bc51b78acd254da71d375c2f6720d9a40403"
dependencies = [
 "semver-parser",
]

[[package]]
name = "semver-parser"
version = "0.7.0"
source = "registry+https://github.com/rust-lang/crates.io-index"
checksum = "388a1df253eca08550bef6c72392cfe7c30914bf41df5269b68cbd6ff8f570a3"

[[package]]
name = "serde"
version = "1.0.114"
source = "registry+https://github.com/rust-lang/crates.io-index"
checksum = "5317f7588f0a5078ee60ef675ef96735a1442132dc645eb1d12c018620ed8cd3"

[[package]]
name = "serde_derive"
version = "1.0.113"
source = "registry+https://github.com/rust-lang/crates.io-index"
checksum = "93c5eaa17d0954cb481cdcfffe9d84fcfa7a1a9f2349271e678677be4c26ae31"
dependencies = [
 "proc-macro2",
 "quote",
 "syn",
]

[[package]]
name = "serde_json"
version = "1.0.56"
source = "registry+https://github.com/rust-lang/crates.io-index"
checksum = "3433e879a558dde8b5e8feb2a04899cf34fdde1fafb894687e52105fc1162ac3"
dependencies = [
 "itoa",
 "ryu",
 "serde",
]

[[package]]
name = "sha1"
version = "0.6.0"
source = "registry+https://github.com/rust-lang/crates.io-index"
checksum = "2579985fda508104f7587689507983eadd6a6e84dd35d6d115361f530916fa0d"

[[package]]
name = "shred"
version = "0.10.2"
source = "registry+https://github.com/rust-lang/crates.io-index"
checksum = "c5f08237e667ac94ad20f8878b5943d91a93ccb231428446c57c21c57779016d"
dependencies = [
 "arrayvec",
 "hashbrown",
 "mopa",
 "rayon",
 "shred-derive",
 "smallvec",
 "tynm",
]

[[package]]
name = "shred-derive"
version = "0.6.2"
source = "registry+https://github.com/rust-lang/crates.io-index"
checksum = "a1f37080f2751fbf091dbdebaa95bd6cf9dbf74ad1d50396b1908518a1747fdf"
dependencies = [
 "proc-macro2",
 "quote",
 "syn",
]

[[package]]
name = "shrev"
version = "1.1.1"
source = "registry+https://github.com/rust-lang/crates.io-index"
checksum = "b5752e017e03af9d735b4b069f53b7a7fd90fefafa04d8bd0c25581b0bff437f"

[[package]]
name = "simba"
version = "0.1.5"
source = "registry+https://github.com/rust-lang/crates.io-index"
checksum = "fb931b1367faadea6b1ab1c306a860ec17aaa5fa39f367d0c744e69d971a1fb2"
dependencies = [
 "approx",
 "num-complex",
 "num-traits",
 "paste",
]

[[package]]
name = "slab"
version = "0.4.2"
source = "registry+https://github.com/rust-lang/crates.io-index"
checksum = "c111b5bd5695e56cffe5129854aa230b39c93a305372fdbb2668ca2394eea9f8"

[[package]]
name = "slotmap"
version = "0.4.0"
source = "registry+https://github.com/rust-lang/crates.io-index"
checksum = "c46a3482db8f247956e464d783693ece164ca056e6e67563ee5505bdb86452cd"

[[package]]
name = "smallvec"
version = "1.4.0"
source = "registry+https://github.com/rust-lang/crates.io-index"
checksum = "c7cb5678e1615754284ec264d9bb5b4c27d2018577fd90ac0ceb578591ed5ee4"

[[package]]
name = "specs"
version = "0.16.1"
source = "git+https://github.com/amethyst/specs#7a2e348ab2223818bad487695c66c43db88050a5"
dependencies = [
 "crossbeam-queue",
 "hashbrown",
 "hibitset",
 "log",
 "rayon",
 "shred",
 "shrev",
 "specs-derive",
 "tuple_utils",
]

[[package]]
name = "specs-derive"
version = "0.4.1"
source = "git+https://github.com/amethyst/specs#7a2e348ab2223818bad487695c66c43db88050a5"
dependencies = [
 "proc-macro2",
 "quote",
 "syn",
]

[[package]]
name = "stdweb"
version = "0.4.20"
source = "registry+https://github.com/rust-lang/crates.io-index"
checksum = "d022496b16281348b52d0e30ae99e01a73d737b2f45d38fed4edf79f9325a1d5"
dependencies = [
 "discard",
 "rustc_version",
 "serde",
 "serde_json",
 "stdweb-derive",
 "stdweb-internal-macros",
 "stdweb-internal-runtime",
 "wasm-bindgen",
]

[[package]]
name = "stdweb-derive"
version = "0.5.3"
source = "registry+https://github.com/rust-lang/crates.io-index"
checksum = "c87a60a40fccc84bef0652345bbbbbe20a605bf5d0ce81719fc476f5c03b50ef"
dependencies = [
 "proc-macro2",
 "quote",
 "serde",
 "serde_derive",
 "syn",
]

[[package]]
name = "stdweb-internal-macros"
version = "0.2.9"
source = "registry+https://github.com/rust-lang/crates.io-index"
checksum = "58fa5ff6ad0d98d1ffa8cb115892b6e69d67799f6763e162a1c9db421dc22e11"
dependencies = [
 "base-x",
 "proc-macro2",
 "quote",
 "serde",
 "serde_derive",
 "serde_json",
 "sha1",
 "syn",
]

[[package]]
name = "stdweb-internal-runtime"
version = "0.1.5"
source = "registry+https://github.com/rust-lang/crates.io-index"
checksum = "213701ba3370744dcd1a12960caa4843b3d68b4d1c0a5d575e0d65b2ee9d16c0"

[[package]]
name = "syn"
version = "1.0.25"
source = "registry+https://github.com/rust-lang/crates.io-index"
checksum = "f14a640819f79b72a710c0be059dce779f9339ae046c8bef12c361d56702146f"
dependencies = [
 "proc-macro2",
 "quote",
 "unicode-xid",
]

[[package]]
name = "take_mut"
version = "0.2.2"
source = "registry+https://github.com/rust-lang/crates.io-index"
checksum = "f764005d11ee5f36500a149ace24e00e3da98b0158b3e2d53a7495660d3f4d60"

[[package]]
name = "thiserror"
version = "1.0.19"
source = "registry+https://github.com/rust-lang/crates.io-index"
checksum = "b13f926965ad00595dd129fa12823b04bbf866e9085ab0a5f2b05b850fbfc344"
dependencies = [
 "thiserror-impl",
]

[[package]]
name = "thiserror-impl"
version = "1.0.19"
source = "registry+https://github.com/rust-lang/crates.io-index"
checksum = "893582086c2f98cde18f906265a65b5030a074b1046c674ae898be6519a7f479"
dependencies = [
 "proc-macro2",
 "quote",
 "syn",
]

[[package]]
name = "tiled"
version = "0.9.2"
source = "registry+https://github.com/rust-lang/crates.io-index"
checksum = "2a513b802da413298ae56d81d9fa2a9f0add9140842b9ca3f6c3add5d23074fb"
dependencies = [
 "base64",
 "libflate",
 "xml-rs",
]

[[package]]
name = "time"
version = "0.1.43"
source = "registry+https://github.com/rust-lang/crates.io-index"
checksum = "ca8a50ef2360fbd1eeb0ecd46795a87a19024eb4b53c5dc916ca1fd95fe62438"
dependencies = [
 "libc",
 "winapi",
]

[[package]]
name = "tuple_utils"
version = "0.3.0"
source = "registry+https://github.com/rust-lang/crates.io-index"
checksum = "44834418e2c5b16f47bedf35c28e148db099187dd5feee6367fb2525863af4f1"

[[package]]
name = "tynm"
version = "0.1.4"
source = "registry+https://github.com/rust-lang/crates.io-index"
checksum = "367fb781963961b4a90a3362c54b1871caaecb081f011005778242230f39d34e"
dependencies = [
 "nom",
]

[[package]]
name = "typenum"
version = "1.12.0"
source = "registry+https://github.com/rust-lang/crates.io-index"
checksum = "373c8a200f9e67a0c95e62a4f52fbf80c23b4381c05a17845531982fa99e6b33"

[[package]]
name = "unicode-xid"
version = "0.2.0"
source = "registry+https://github.com/rust-lang/crates.io-index"
checksum = "826e7639553986605ec5979c7dd957c7895e93eabed50ab2ffa7f6128a75097c"

[[package]]
name = "unindent"
version = "0.1.5"
source = "registry+https://github.com/rust-lang/crates.io-index"
checksum = "63f18aa3b0e35fed5a0048f029558b1518095ffe2a0a31fb87c93dece93a4993"

[[package]]
name = "version_check"
version = "0.9.2"
source = "registry+https://github.com/rust-lang/crates.io-index"
checksum = "b5a972e5669d67ba988ce3dc826706fb0a8b01471c088cb0b6110b805cc36aed"

[[package]]
name = "wasi"
version = "0.9.0+wasi-snapshot-preview1"
source = "registry+https://github.com/rust-lang/crates.io-index"
checksum = "cccddf32554fecc6acb585f82a32a72e28b48f8c4c1883ddfeeeaa96f7d8e519"

[[package]]
name = "wasm-bindgen"
version = "0.2.62"
source = "registry+https://github.com/rust-lang/crates.io-index"
checksum = "e3c7d40d09cdbf0f4895ae58cf57d92e1e57a9dd8ed2e8390514b54a47cc5551"
dependencies = [
 "cfg-if",
 "wasm-bindgen-macro",
]

[[package]]
name = "wasm-bindgen-backend"
version = "0.2.62"
source = "registry+https://github.com/rust-lang/crates.io-index"
checksum = "c3972e137ebf830900db522d6c8fd74d1900dcfc733462e9a12e942b00b4ac94"
dependencies = [
 "bumpalo",
 "lazy_static",
 "log",
 "proc-macro2",
 "quote",
 "syn",
 "wasm-bindgen-shared",
]

[[package]]
name = "wasm-bindgen-macro"
version = "0.2.62"
source = "registry+https://github.com/rust-lang/crates.io-index"
checksum = "2cd85aa2c579e8892442954685f0d801f9129de24fa2136b2c6a539c76b65776"
dependencies = [
 "quote",
 "wasm-bindgen-macro-support",
]

[[package]]
name = "wasm-bindgen-macro-support"
version = "0.2.62"
source = "registry+https://github.com/rust-lang/crates.io-index"
checksum = "8eb197bd3a47553334907ffd2f16507b4f4f01bbec3ac921a7719e0decdfe72a"
dependencies = [
 "proc-macro2",
 "quote",
 "syn",
 "wasm-bindgen-backend",
 "wasm-bindgen-shared",
]

[[package]]
name = "wasm-bindgen-shared"
version = "0.2.62"
source = "registry+https://github.com/rust-lang/crates.io-index"
checksum = "a91c2916119c17a8e316507afaaa2dd94b47646048014bbdf6bef098c1bb58ad"

[[package]]
name = "winapi"
version = "0.3.8"
source = "registry+https://github.com/rust-lang/crates.io-index"
checksum = "8093091eeb260906a183e6ae1abdba2ef5ef2257a21801128899c3fc699229c6"
dependencies = [
 "winapi-i686-pc-windows-gnu",
 "winapi-x86_64-pc-windows-gnu",
]

[[package]]
name = "winapi-i686-pc-windows-gnu"
version = "0.4.0"
source = "registry+https://github.com/rust-lang/crates.io-index"
checksum = "ac3b87c63620426dd9b991e5ce0329eff545bccbbb34f3be09ff6fb6ab51b7b6"

[[package]]
name = "winapi-x86_64-pc-windows-gnu"
version = "0.4.0"
source = "registry+https://github.com/rust-lang/crates.io-index"
checksum = "712e227841d057c1ee1cd2fb22fa7e5a5461ae8e48fa2ca79ec42cfc1931183f"

[[package]]
name = "xml-rs"
version = "0.8.3"
source = "registry+https://github.com/rust-lang/crates.io-index"
checksum = "b07db065a5cf61a7e4ba64f29e67db906fb1787316516c4e6e5ff0fea1efcd8a"
